// !$*UTF8*$!
{
	archiveVersion = 1;
	classes = {
	};
	objectVersion = 50;
	objects = {

/* Begin PBXBuildFile section */
		550B56D925F144370024AF76 /* AppFlowCoordinator.swift in Sources */ = {isa = PBXBuildFile; fileRef = 550B56D825F144370024AF76 /* AppFlowCoordinator.swift */; };
		550B570725F2C60F0024AF76 /* CoctailListViewModel.swift in Sources */ = {isa = PBXBuildFile; fileRef = 550B570625F2C60F0024AF76 /* CoctailListViewModel.swift */; };
		550B571725F2CAE30024AF76 /* CoctailListViewController.xib in Resources */ = {isa = PBXBuildFile; fileRef = 550B571625F2CAE30024AF76 /* CoctailListViewController.xib */; };
		550B572825F6BF110024AF76 /* CoctailListItemViewModel.swift in Sources */ = {isa = PBXBuildFile; fileRef = 550B572725F6BF110024AF76 /* CoctailListItemViewModel.swift */; };
		55329A0D25DF37D000B711B3 /* CoctailsRepository.swift in Sources */ = {isa = PBXBuildFile; fileRef = 55329A0C25DF37D000B711B3 /* CoctailsRepository.swift */; };
		556E3FC42603A9E6007413D7 /* CoctailDetailsViewController.xib in Resources */ = {isa = PBXBuildFile; fileRef = 556E3FC32603A9E6007413D7 /* CoctailDetailsViewController.xib */; };
		556E3FCC2603A9F5007413D7 /* CoctailDetailsViewController.swift in Sources */ = {isa = PBXBuildFile; fileRef = 556E3FCB2603A9F5007413D7 /* CoctailDetailsViewController.swift */; };
		556E3FD42603AC70007413D7 /* CoctailDetailsViewModel.swift in Sources */ = {isa = PBXBuildFile; fileRef = 556E3FD32603AC6F007413D7 /* CoctailDetailsViewModel.swift */; };
		55BD67AD25FFF88900E55754 /* UIView+NibLoadableView.swift in Sources */ = {isa = PBXBuildFile; fileRef = 55BD67AC25FFF88900E55754 /* UIView+NibLoadableView.swift */; };
		55BD67B225FFFA2300E55754 /* CoctailListTableView.swift in Sources */ = {isa = PBXBuildFile; fileRef = 55BD67B125FFFA2300E55754 /* CoctailListTableView.swift */; };
		55BD67B725FFFA4700E55754 /* CoctailListTableView.xib in Resources */ = {isa = PBXBuildFile; fileRef = 55BD67B625FFFA4700E55754 /* CoctailListTableView.xib */; };
		55BD67BC25FFFCA500E55754 /* UIView+Constraints.swift in Sources */ = {isa = PBXBuildFile; fileRef = 55BD67BB25FFFCA500E55754 /* UIView+Constraints.swift */; };
		55BD67C2260003E900E55754 /* UITableView+Utils.swift in Sources */ = {isa = PBXBuildFile; fileRef = 55BD67C1260003E900E55754 /* UITableView+Utils.swift */; };
		55BD67CA2600073500E55754 /* CoctailListTableViewCell.swift in Sources */ = {isa = PBXBuildFile; fileRef = 55BD67C92600073500E55754 /* CoctailListTableViewCell.swift */; };
		55BD67CF2600076800E55754 /* CoctailListTableViewCell.xib in Resources */ = {isa = PBXBuildFile; fileRef = 55BD67CE2600076800E55754 /* CoctailListTableViewCell.xib */; };
		55CEEE3826123BC200134A40 /* LoadingView.swift in Sources */ = {isa = PBXBuildFile; fileRef = 55CEEE3726123BC200134A40 /* LoadingView.swift */; };
		55CEEE4826126BD900134A40 /* LoadingView.xib in Resources */ = {isa = PBXBuildFile; fileRef = 55CEEE4726126BD900134A40 /* LoadingView.xib */; };
		55CEEE4D26127E2A00134A40 /* LoadingViewLoader.swift in Sources */ = {isa = PBXBuildFile; fileRef = 55CEEE4C26127E2A00134A40 /* LoadingViewLoader.swift */; };
		55E4C95725E40AD900206A7F /* DefaultCoctailRepository.swift in Sources */ = {isa = PBXBuildFile; fileRef = 55E4C95625E40AD900206A7F /* DefaultCoctailRepository.swift */; };
		55E4C96325E4157A00206A7F /* APIEndpoints.swift in Sources */ = {isa = PBXBuildFile; fileRef = 55E4C96225E4157A00206A7F /* APIEndpoints.swift */; };
		55E4C96E25E416B600206A7F /* APIUtils.swift in Sources */ = {isa = PBXBuildFile; fileRef = 55E4C96D25E416B600206A7F /* APIUtils.swift */; };
		55E4C97625E4314300206A7F /* ServiceConfigurable.swift in Sources */ = {isa = PBXBuildFile; fileRef = 55E4C97525E4314300206A7F /* ServiceConfigurable.swift */; };
		55E4C97B25E440FF00206A7F /* CoctailResponseDTO.swift in Sources */ = {isa = PBXBuildFile; fileRef = 55E4C97A25E440FF00206A7F /* CoctailResponseDTO.swift */; };
		55E4C98B25E5969500206A7F /* NetworkService.swift in Sources */ = {isa = PBXBuildFile; fileRef = 55E4C98A25E5969500206A7F /* NetworkService.swift */; };
		55E4C99825E85A2D00206A7F /* DataTransfer.swift in Sources */ = {isa = PBXBuildFile; fileRef = 55E4C99725E85A2D00206A7F /* DataTransfer.swift */; };
		55E4C9B025ED76A300206A7F /* TestDefaulCoctailRepository.swift in Sources */ = {isa = PBXBuildFile; fileRef = 55E4C9AF25ED76A300206A7F /* TestDefaulCoctailRepository.swift */; };
		55E4C9B425ED85EF00206A7F /* DefaultCoctailRepository.swift in Sources */ = {isa = PBXBuildFile; fileRef = 55E4C95625E40AD900206A7F /* DefaultCoctailRepository.swift */; };
		55E4C9B825ED860400206A7F /* CoctailsRepository.swift in Sources */ = {isa = PBXBuildFile; fileRef = 55329A0C25DF37D000B711B3 /* CoctailsRepository.swift */; };
		55E4C9BC25ED867900206A7F /* DataTransfer.swift in Sources */ = {isa = PBXBuildFile; fileRef = 55E4C99725E85A2D00206A7F /* DataTransfer.swift */; };
		55E4C9C025ED87FC00206A7F /* NetworkService.swift in Sources */ = {isa = PBXBuildFile; fileRef = 55E4C98A25E5969500206A7F /* NetworkService.swift */; };
		55E4C9C425ED89DE00206A7F /* APIEndpoints.swift in Sources */ = {isa = PBXBuildFile; fileRef = 55E4C96225E4157A00206A7F /* APIEndpoints.swift */; };
		55E4C9C825ED91C300206A7F /* APIUtils.swift in Sources */ = {isa = PBXBuildFile; fileRef = 55E4C96D25E416B600206A7F /* APIUtils.swift */; };
		55E4C9CC25ED91D900206A7F /* CoctailResponseDTO.swift in Sources */ = {isa = PBXBuildFile; fileRef = 55E4C97A25E440FF00206A7F /* CoctailResponseDTO.swift */; };
		55E4C9D025ED91E900206A7F /* ServiceConfigurable.swift in Sources */ = {isa = PBXBuildFile; fileRef = 55E4C97525E4314300206A7F /* ServiceConfigurable.swift */; };
		55E4C9D425ED91F300206A7F /* Coctail.swift in Sources */ = {isa = PBXBuildFile; fileRef = AB4F689925DECECF00C46030 /* Coctail.swift */; };
		55E4C9DD25EE7AB900206A7F /* String+Utils.swift in Sources */ = {isa = PBXBuildFile; fileRef = 55E4C9DC25EE7AB900206A7F /* String+Utils.swift */; };
		55E4C9E525EE836900206A7F /* Array+Utils.swift in Sources */ = {isa = PBXBuildFile; fileRef = 55E4C9E425EE836900206A7F /* Array+Utils.swift */; };
		55E4C9EC25EE870000206A7F /* String+Utils.swift in Sources */ = {isa = PBXBuildFile; fileRef = 55E4C9DC25EE7AB900206A7F /* String+Utils.swift */; };
		55E4C9F025EE870900206A7F /* Array+Utils.swift in Sources */ = {isa = PBXBuildFile; fileRef = 55E4C9E425EE836900206A7F /* Array+Utils.swift */; };
		55E4CA0325EE983800206A7F /* Observable.swift in Sources */ = {isa = PBXBuildFile; fileRef = 55E4CA0225EE983700206A7F /* Observable.swift */; };
		55E4CA0425EE983800206A7F /* Observable.swift in Sources */ = {isa = PBXBuildFile; fileRef = 55E4CA0225EE983700206A7F /* Observable.swift */; };
		55E4CA1225EE9FF200206A7F /* CoctailListViewController.swift in Sources */ = {isa = PBXBuildFile; fileRef = 55E4CA1125EE9FF200206A7F /* CoctailListViewController.swift */; };
		55E4CA1325EE9FF200206A7F /* CoctailListViewController.swift in Sources */ = {isa = PBXBuildFile; fileRef = 55E4CA1125EE9FF200206A7F /* CoctailListViewController.swift */; };
		55E4CA1C25EED42E00206A7F /* AppDIContainer.swift in Sources */ = {isa = PBXBuildFile; fileRef = 55E4CA1B25EED42E00206A7F /* AppDIContainer.swift */; };
		55E4CA1D25EED42E00206A7F /* AppDIContainer.swift in Sources */ = {isa = PBXBuildFile; fileRef = 55E4CA1B25EED42E00206A7F /* AppDIContainer.swift */; };
		55E4CA2525EEE14500206A7F /* CoctailsSceneDIContainer.swift in Sources */ = {isa = PBXBuildFile; fileRef = 55E4CA2425EEE14500206A7F /* CoctailsSceneDIContainer.swift */; };
		55E4CA2625EEE14500206A7F /* CoctailsSceneDIContainer.swift in Sources */ = {isa = PBXBuildFile; fileRef = 55E4CA2425EEE14500206A7F /* CoctailsSceneDIContainer.swift */; };
		55E4CA2D25F00F4600206A7F /* CoctailFlowCoordinator.swift in Sources */ = {isa = PBXBuildFile; fileRef = 55E4CA2C25F00F4600206A7F /* CoctailFlowCoordinator.swift */; };
		55E4CA2E25F00F4600206A7F /* CoctailFlowCoordinator.swift in Sources */ = {isa = PBXBuildFile; fileRef = 55E4CA2C25F00F4600206A7F /* CoctailFlowCoordinator.swift */; };
		AB4F685E25DD79A500C46030 /* AppDelegate.swift in Sources */ = {isa = PBXBuildFile; fileRef = AB4F685D25DD79A500C46030 /* AppDelegate.swift */; };
		AB4F686025DD79A500C46030 /* SceneDelegate.swift in Sources */ = {isa = PBXBuildFile; fileRef = AB4F685F25DD79A500C46030 /* SceneDelegate.swift */; };
		AB4F686225DD79A500C46030 /* ViewController.swift in Sources */ = {isa = PBXBuildFile; fileRef = AB4F686125DD79A500C46030 /* ViewController.swift */; };
		AB4F686525DD79A500C46030 /* Main.storyboard in Resources */ = {isa = PBXBuildFile; fileRef = AB4F686325DD79A500C46030 /* Main.storyboard */; };
		AB4F686725DD79A800C46030 /* Assets.xcassets in Resources */ = {isa = PBXBuildFile; fileRef = AB4F686625DD79A800C46030 /* Assets.xcassets */; };
		AB4F686A25DD79A800C46030 /* LaunchScreen.storyboard in Resources */ = {isa = PBXBuildFile; fileRef = AB4F686825DD79A800C46030 /* LaunchScreen.storyboard */; };
		AB4F687525DD79A900C46030 /* CleanMVVMExampleTests.swift in Sources */ = {isa = PBXBuildFile; fileRef = AB4F687425DD79A900C46030 /* CleanMVVMExampleTests.swift */; };
		AB4F688025DD79A900C46030 /* CleanMVVMExampleUITests.swift in Sources */ = {isa = PBXBuildFile; fileRef = AB4F687F25DD79A900C46030 /* CleanMVVMExampleUITests.swift */; };
		AB4F689A25DECED000C46030 /* Coctail.swift in Sources */ = {isa = PBXBuildFile; fileRef = AB4F689925DECECF00C46030 /* Coctail.swift */; };
		AB4F689F25DED6EB00C46030 /* SearchCoctailUseCase.swift in Sources */ = {isa = PBXBuildFile; fileRef = AB4F689E25DED6EB00C46030 /* SearchCoctailUseCase.swift */; };
/* End PBXBuildFile section */

/* Begin PBXContainerItemProxy section */
		AB4F687125DD79A900C46030 /* PBXContainerItemProxy */ = {
			isa = PBXContainerItemProxy;
			containerPortal = AB4F685225DD79A500C46030 /* Project object */;
			proxyType = 1;
			remoteGlobalIDString = AB4F685925DD79A500C46030;
			remoteInfo = CleanMVVMExample;
		};
		AB4F687C25DD79A900C46030 /* PBXContainerItemProxy */ = {
			isa = PBXContainerItemProxy;
			containerPortal = AB4F685225DD79A500C46030 /* Project object */;
			proxyType = 1;
			remoteGlobalIDString = AB4F685925DD79A500C46030;
			remoteInfo = CleanMVVMExample;
		};
/* End PBXContainerItemProxy section */

/* Begin PBXFileReference section */
		550B56D825F144370024AF76 /* AppFlowCoordinator.swift */ = {isa = PBXFileReference; lastKnownFileType = sourcecode.swift; path = AppFlowCoordinator.swift; sourceTree = "<group>"; };
		550B570625F2C60F0024AF76 /* CoctailListViewModel.swift */ = {isa = PBXFileReference; lastKnownFileType = sourcecode.swift; path = CoctailListViewModel.swift; sourceTree = "<group>"; };
		550B571625F2CAE30024AF76 /* CoctailListViewController.xib */ = {isa = PBXFileReference; lastKnownFileType = file.xib; path = CoctailListViewController.xib; sourceTree = "<group>"; };
		550B572725F6BF110024AF76 /* CoctailListItemViewModel.swift */ = {isa = PBXFileReference; lastKnownFileType = sourcecode.swift; path = CoctailListItemViewModel.swift; sourceTree = "<group>"; };
		55329A0C25DF37D000B711B3 /* CoctailsRepository.swift */ = {isa = PBXFileReference; lastKnownFileType = sourcecode.swift; path = CoctailsRepository.swift; sourceTree = "<group>"; };
		556E3FC32603A9E6007413D7 /* CoctailDetailsViewController.xib */ = {isa = PBXFileReference; lastKnownFileType = file.xib; path = CoctailDetailsViewController.xib; sourceTree = "<group>"; };
		556E3FCB2603A9F5007413D7 /* CoctailDetailsViewController.swift */ = {isa = PBXFileReference; lastKnownFileType = sourcecode.swift; path = CoctailDetailsViewController.swift; sourceTree = "<group>"; };
		556E3FD32603AC6F007413D7 /* CoctailDetailsViewModel.swift */ = {isa = PBXFileReference; lastKnownFileType = sourcecode.swift; path = CoctailDetailsViewModel.swift; sourceTree = "<group>"; };
		55BD67AC25FFF88900E55754 /* UIView+NibLoadableView.swift */ = {isa = PBXFileReference; lastKnownFileType = sourcecode.swift; path = "UIView+NibLoadableView.swift"; sourceTree = "<group>"; };
		55BD67B125FFFA2300E55754 /* CoctailListTableView.swift */ = {isa = PBXFileReference; lastKnownFileType = sourcecode.swift; path = CoctailListTableView.swift; sourceTree = "<group>"; };
		55BD67B625FFFA4700E55754 /* CoctailListTableView.xib */ = {isa = PBXFileReference; lastKnownFileType = file.xib; path = CoctailListTableView.xib; sourceTree = "<group>"; };
		55BD67BB25FFFCA500E55754 /* UIView+Constraints.swift */ = {isa = PBXFileReference; lastKnownFileType = sourcecode.swift; path = "UIView+Constraints.swift"; sourceTree = "<group>"; };
		55BD67C1260003E900E55754 /* UITableView+Utils.swift */ = {isa = PBXFileReference; lastKnownFileType = sourcecode.swift; path = "UITableView+Utils.swift"; sourceTree = "<group>"; };
		55BD67C92600073500E55754 /* CoctailListTableViewCell.swift */ = {isa = PBXFileReference; lastKnownFileType = sourcecode.swift; path = CoctailListTableViewCell.swift; sourceTree = "<group>"; };
		55BD67CE2600076800E55754 /* CoctailListTableViewCell.xib */ = {isa = PBXFileReference; lastKnownFileType = file.xib; path = CoctailListTableViewCell.xib; sourceTree = "<group>"; };
		55CEEE3726123BC200134A40 /* LoadingView.swift */ = {isa = PBXFileReference; lastKnownFileType = sourcecode.swift; path = LoadingView.swift; sourceTree = "<group>"; };
		55CEEE4726126BD900134A40 /* LoadingView.xib */ = {isa = PBXFileReference; lastKnownFileType = file.xib; path = LoadingView.xib; sourceTree = "<group>"; };
		55CEEE4C26127E2A00134A40 /* LoadingViewLoader.swift */ = {isa = PBXFileReference; lastKnownFileType = sourcecode.swift; path = LoadingViewLoader.swift; sourceTree = "<group>"; };
		55E4C95625E40AD900206A7F /* DefaultCoctailRepository.swift */ = {isa = PBXFileReference; lastKnownFileType = sourcecode.swift; path = DefaultCoctailRepository.swift; sourceTree = "<group>"; };
		55E4C96225E4157A00206A7F /* APIEndpoints.swift */ = {isa = PBXFileReference; lastKnownFileType = sourcecode.swift; path = APIEndpoints.swift; sourceTree = "<group>"; };
		55E4C96D25E416B600206A7F /* APIUtils.swift */ = {isa = PBXFileReference; lastKnownFileType = sourcecode.swift; path = APIUtils.swift; sourceTree = "<group>"; };
		55E4C97525E4314300206A7F /* ServiceConfigurable.swift */ = {isa = PBXFileReference; lastKnownFileType = sourcecode.swift; path = ServiceConfigurable.swift; sourceTree = "<group>"; };
		55E4C97A25E440FF00206A7F /* CoctailResponseDTO.swift */ = {isa = PBXFileReference; lastKnownFileType = sourcecode.swift; path = CoctailResponseDTO.swift; sourceTree = "<group>"; };
		55E4C98A25E5969500206A7F /* NetworkService.swift */ = {isa = PBXFileReference; lastKnownFileType = sourcecode.swift; path = NetworkService.swift; sourceTree = "<group>"; };
		55E4C99725E85A2D00206A7F /* DataTransfer.swift */ = {isa = PBXFileReference; lastKnownFileType = sourcecode.swift; path = DataTransfer.swift; sourceTree = "<group>"; };
		55E4C9AF25ED76A300206A7F /* TestDefaulCoctailRepository.swift */ = {isa = PBXFileReference; lastKnownFileType = sourcecode.swift; path = TestDefaulCoctailRepository.swift; sourceTree = "<group>"; };
		55E4C9DC25EE7AB900206A7F /* String+Utils.swift */ = {isa = PBXFileReference; lastKnownFileType = sourcecode.swift; path = "String+Utils.swift"; sourceTree = "<group>"; };
		55E4C9E425EE836900206A7F /* Array+Utils.swift */ = {isa = PBXFileReference; lastKnownFileType = sourcecode.swift; path = "Array+Utils.swift"; sourceTree = "<group>"; };
		55E4CA0225EE983700206A7F /* Observable.swift */ = {isa = PBXFileReference; lastKnownFileType = sourcecode.swift; path = Observable.swift; sourceTree = "<group>"; };
		55E4CA1125EE9FF200206A7F /* CoctailListViewController.swift */ = {isa = PBXFileReference; lastKnownFileType = sourcecode.swift; path = CoctailListViewController.swift; sourceTree = "<group>"; };
		55E4CA1B25EED42E00206A7F /* AppDIContainer.swift */ = {isa = PBXFileReference; lastKnownFileType = sourcecode.swift; path = AppDIContainer.swift; sourceTree = "<group>"; };
		55E4CA2425EEE14500206A7F /* CoctailsSceneDIContainer.swift */ = {isa = PBXFileReference; lastKnownFileType = sourcecode.swift; path = CoctailsSceneDIContainer.swift; sourceTree = "<group>"; };
		55E4CA2C25F00F4600206A7F /* CoctailFlowCoordinator.swift */ = {isa = PBXFileReference; lastKnownFileType = sourcecode.swift; path = CoctailFlowCoordinator.swift; sourceTree = "<group>"; };
		AB4F685A25DD79A500C46030 /* CleanMVVMExample.app */ = {isa = PBXFileReference; explicitFileType = wrapper.application; includeInIndex = 0; path = CleanMVVMExample.app; sourceTree = BUILT_PRODUCTS_DIR; };
		AB4F685D25DD79A500C46030 /* AppDelegate.swift */ = {isa = PBXFileReference; lastKnownFileType = sourcecode.swift; path = AppDelegate.swift; sourceTree = "<group>"; };
		AB4F685F25DD79A500C46030 /* SceneDelegate.swift */ = {isa = PBXFileReference; lastKnownFileType = sourcecode.swift; path = SceneDelegate.swift; sourceTree = "<group>"; };
		AB4F686125DD79A500C46030 /* ViewController.swift */ = {isa = PBXFileReference; lastKnownFileType = sourcecode.swift; path = ViewController.swift; sourceTree = "<group>"; };
		AB4F686425DD79A500C46030 /* Base */ = {isa = PBXFileReference; lastKnownFileType = file.storyboard; name = Base; path = Base.lproj/Main.storyboard; sourceTree = "<group>"; };
		AB4F686625DD79A800C46030 /* Assets.xcassets */ = {isa = PBXFileReference; lastKnownFileType = folder.assetcatalog; path = Assets.xcassets; sourceTree = "<group>"; };
		AB4F686925DD79A800C46030 /* Base */ = {isa = PBXFileReference; lastKnownFileType = file.storyboard; name = Base; path = Base.lproj/LaunchScreen.storyboard; sourceTree = "<group>"; };
		AB4F686B25DD79A800C46030 /* Info.plist */ = {isa = PBXFileReference; lastKnownFileType = text.plist.xml; path = Info.plist; sourceTree = "<group>"; };
		AB4F687025DD79A900C46030 /* CleanMVVMExampleTests.xctest */ = {isa = PBXFileReference; explicitFileType = wrapper.cfbundle; includeInIndex = 0; path = CleanMVVMExampleTests.xctest; sourceTree = BUILT_PRODUCTS_DIR; };
		AB4F687425DD79A900C46030 /* CleanMVVMExampleTests.swift */ = {isa = PBXFileReference; lastKnownFileType = sourcecode.swift; path = CleanMVVMExampleTests.swift; sourceTree = "<group>"; };
		AB4F687625DD79A900C46030 /* Info.plist */ = {isa = PBXFileReference; lastKnownFileType = text.plist.xml; path = Info.plist; sourceTree = "<group>"; };
		AB4F687B25DD79A900C46030 /* CleanMVVMExampleUITests.xctest */ = {isa = PBXFileReference; explicitFileType = wrapper.cfbundle; includeInIndex = 0; path = CleanMVVMExampleUITests.xctest; sourceTree = BUILT_PRODUCTS_DIR; };
		AB4F687F25DD79A900C46030 /* CleanMVVMExampleUITests.swift */ = {isa = PBXFileReference; lastKnownFileType = sourcecode.swift; path = CleanMVVMExampleUITests.swift; sourceTree = "<group>"; };
		AB4F688125DD79A900C46030 /* Info.plist */ = {isa = PBXFileReference; lastKnownFileType = text.plist.xml; path = Info.plist; sourceTree = "<group>"; };
		AB4F689925DECECF00C46030 /* Coctail.swift */ = {isa = PBXFileReference; lastKnownFileType = sourcecode.swift; path = Coctail.swift; sourceTree = "<group>"; };
		AB4F689E25DED6EB00C46030 /* SearchCoctailUseCase.swift */ = {isa = PBXFileReference; lastKnownFileType = sourcecode.swift; path = SearchCoctailUseCase.swift; sourceTree = "<group>"; };
/* End PBXFileReference section */

/* Begin PBXFrameworksBuildPhase section */
		AB4F685725DD79A500C46030 /* Frameworks */ = {
			isa = PBXFrameworksBuildPhase;
			buildActionMask = 2147483647;
			files = (
			);
			runOnlyForDeploymentPostprocessing = 0;
		};
		AB4F686D25DD79A900C46030 /* Frameworks */ = {
			isa = PBXFrameworksBuildPhase;
			buildActionMask = 2147483647;
			files = (
			);
			runOnlyForDeploymentPostprocessing = 0;
		};
		AB4F687825DD79A900C46030 /* Frameworks */ = {
			isa = PBXFrameworksBuildPhase;
			buildActionMask = 2147483647;
			files = (
			);
			runOnlyForDeploymentPostprocessing = 0;
		};
/* End PBXFrameworksBuildPhase section */

/* Begin PBXGroup section */
		550B56FF25F2861A0024AF76 /* ViewModel */ = {
			isa = PBXGroup;
			children = (
				550B570625F2C60F0024AF76 /* CoctailListViewModel.swift */,
				550B572725F6BF110024AF76 /* CoctailListItemViewModel.swift */,
			);
			path = ViewModel;
			sourceTree = "<group>";
		};
		55329A0B25DF357500B711B3 /* Repositories */ = {
			isa = PBXGroup;
			children = (
				55329A0C25DF37D000B711B3 /* CoctailsRepository.swift */,
			);
			path = Repositories;
			sourceTree = "<group>";
		};
		556E3FC12603A999007413D7 /* CoctailDetails */ = {
			isa = PBXGroup;
			children = (
				556E3FC22603A9C1007413D7 /* ViewModel */,
				556E3FCB2603A9F5007413D7 /* CoctailDetailsViewController.swift */,
				556E3FC32603A9E6007413D7 /* CoctailDetailsViewController.xib */,
			);
			path = CoctailDetails;
			sourceTree = "<group>";
		};
		556E3FC22603A9C1007413D7 /* ViewModel */ = {
			isa = PBXGroup;
			children = (
				556E3FD32603AC6F007413D7 /* CoctailDetailsViewModel.swift */,
			);
			path = ViewModel;
			sourceTree = "<group>";
		};
		55BD67C0260003B600E55754 /* Cells */ = {
			isa = PBXGroup;
			children = (
				55BD67C92600073500E55754 /* CoctailListTableViewCell.swift */,
				55BD67CE2600076800E55754 /* CoctailListTableViewCell.xib */,
			);
			path = Cells;
			sourceTree = "<group>";
		};
		55CEEE3626123A6B00134A40 /* LoadingView */ = {
			isa = PBXGroup;
			children = (
				55CEEE3726123BC200134A40 /* LoadingView.swift */,
				55CEEE4726126BD900134A40 /* LoadingView.xib */,
				55CEEE4C26127E2A00134A40 /* LoadingViewLoader.swift */,
			);
			path = LoadingView;
			sourceTree = "<group>";
		};
		55E4C95525E40A9E00206A7F /* Repository */ = {
			isa = PBXGroup;
			children = (
				55E4C95625E40AD900206A7F /* DefaultCoctailRepository.swift */,
			);
			path = Repository;
			sourceTree = "<group>";
		};
		55E4C95E25E40C1A00206A7F /* Network */ = {
			isa = PBXGroup;
			children = (
				55E4C96225E4157A00206A7F /* APIEndpoints.swift */,
				55E4C97525E4314300206A7F /* ServiceConfigurable.swift */,
				55E4C96025E40C3100206A7F /* DataMapping */,
			);
			path = Network;
			sourceTree = "<group>";
		};
		55E4C96025E40C3100206A7F /* DataMapping */ = {
			isa = PBXGroup;
			children = (
				55E4C97A25E440FF00206A7F /* CoctailResponseDTO.swift */,
			);
			path = DataMapping;
			sourceTree = "<group>";
		};
		55E4C99525E858E600206A7F /* Infraestructure */ = {
			isa = PBXGroup;
			children = (
				55E4C99625E8590D00206A7F /* Network */,
			);
			path = Infraestructure;
			sourceTree = "<group>";
		};
		55E4C99625E8590D00206A7F /* Network */ = {
			isa = PBXGroup;
			children = (
				55E4C96D25E416B600206A7F /* APIUtils.swift */,
				55E4C98A25E5969500206A7F /* NetworkService.swift */,
				55E4C99725E85A2D00206A7F /* DataTransfer.swift */,
			);
			path = Network;
			sourceTree = "<group>";
		};
		55E4C9A225ED766700206A7F /* IntegrationTests */ = {
			isa = PBXGroup;
			children = (
				55E4C9A325ED767000206A7F /* Repository */,
			);
			path = IntegrationTests;
			sourceTree = "<group>";
		};
		55E4C9A325ED767000206A7F /* Repository */ = {
			isa = PBXGroup;
			children = (
				55E4C9AF25ED76A300206A7F /* TestDefaulCoctailRepository.swift */,
			);
			path = Repository;
			sourceTree = "<group>";
		};
		55E4C9DB25EE7AA500206A7F /* Utils */ = {
			isa = PBXGroup;
			children = (
				55E4C9DC25EE7AB900206A7F /* String+Utils.swift */,
				55E4C9E425EE836900206A7F /* Array+Utils.swift */,
			);
			path = Utils;
			sourceTree = "<group>";
		};
		55E4C9F425EE91F300206A7F /* CoctailsScene */ = {
			isa = PBXGroup;
			children = (
				55E4CA2B25EEEA8800206A7F /* Flows */,
				55E4CA2A25EEEA7C00206A7F /* CoctailList */,
				556E3FC12603A999007413D7 /* CoctailDetails */,
			);
			path = CoctailsScene;
			sourceTree = "<group>";
		};
		55E4C9F525EE97F500206A7F /* Utils */ = {
			isa = PBXGroup;
			children = (
				55CEEE3626123A6B00134A40 /* LoadingView */,
				55E4CA0225EE983700206A7F /* Observable.swift */,
				55BD67AC25FFF88900E55754 /* UIView+NibLoadableView.swift */,
				55BD67BB25FFFCA500E55754 /* UIView+Constraints.swift */,
				55BD67C1260003E900E55754 /* UITableView+Utils.swift */,
			);
			path = Utils;
			sourceTree = "<group>";
		};
		55E4CA1A25EECE1900206A7F /* DIContainer */ = {
			isa = PBXGroup;
			children = (
				550B56D825F144370024AF76 /* AppFlowCoordinator.swift */,
				55E4CA1B25EED42E00206A7F /* AppDIContainer.swift */,
				55E4CA2425EEE14500206A7F /* CoctailsSceneDIContainer.swift */,
			);
			path = DIContainer;
			sourceTree = "<group>";
		};
		55E4CA2A25EEEA7C00206A7F /* CoctailList */ = {
			isa = PBXGroup;
			children = (
				550B56FF25F2861A0024AF76 /* ViewModel */,
				55BD67C0260003B600E55754 /* Cells */,
				55E4CA1125EE9FF200206A7F /* CoctailListViewController.swift */,
				550B571625F2CAE30024AF76 /* CoctailListViewController.xib */,
				55BD67B125FFFA2300E55754 /* CoctailListTableView.swift */,
				55BD67B625FFFA4700E55754 /* CoctailListTableView.xib */,
			);
			path = CoctailList;
			sourceTree = "<group>";
		};
		55E4CA2B25EEEA8800206A7F /* Flows */ = {
			isa = PBXGroup;
			children = (
				55E4CA2C25F00F4600206A7F /* CoctailFlowCoordinator.swift */,
			);
			path = Flows;
			sourceTree = "<group>";
		};
		AB4F685125DD79A500C46030 = {
			isa = PBXGroup;
			children = (
				AB4F685C25DD79A500C46030 /* CleanMVVMExample */,
				AB4F687325DD79A900C46030 /* CleanMVVMExampleTests */,
				AB4F687E25DD79A900C46030 /* CleanMVVMExampleUITests */,
				AB4F685B25DD79A500C46030 /* Products */,
			);
			sourceTree = "<group>";
		};
		AB4F685B25DD79A500C46030 /* Products */ = {
			isa = PBXGroup;
			children = (
				AB4F685A25DD79A500C46030 /* CleanMVVMExample.app */,
				AB4F687025DD79A900C46030 /* CleanMVVMExampleTests.xctest */,
				AB4F687B25DD79A900C46030 /* CleanMVVMExampleUITests.xctest */,
			);
			name = Products;
			sourceTree = "<group>";
		};
		AB4F685C25DD79A500C46030 /* CleanMVVMExample */ = {
			isa = PBXGroup;
			children = (
				AB4F689025DD79D300C46030 /* Application */,
				AB4F689325DD79F600C46030 /* Presentation */,
				AB4F689225DD79E800C46030 /* Domain */,
				AB4F689725DDAE8400C46030 /* Data */,
				AB4F689825DDB74700C46030 /* Resources */,
				AB4F686125DD79A500C46030 /* ViewController.swift */,
				AB4F686325DD79A500C46030 /* Main.storyboard */,
				AB4F686825DD79A800C46030 /* LaunchScreen.storyboard */,
			);
			path = CleanMVVMExample;
			sourceTree = "<group>";
		};
		AB4F687325DD79A900C46030 /* CleanMVVMExampleTests */ = {
			isa = PBXGroup;
			children = (
				55E4C9A225ED766700206A7F /* IntegrationTests */,
				AB4F687425DD79A900C46030 /* CleanMVVMExampleTests.swift */,
				AB4F687625DD79A900C46030 /* Info.plist */,
			);
			path = CleanMVVMExampleTests;
			sourceTree = "<group>";
		};
		AB4F687E25DD79A900C46030 /* CleanMVVMExampleUITests */ = {
			isa = PBXGroup;
			children = (
				AB4F687F25DD79A900C46030 /* CleanMVVMExampleUITests.swift */,
				AB4F688125DD79A900C46030 /* Info.plist */,
			);
			path = CleanMVVMExampleUITests;
			sourceTree = "<group>";
		};
		AB4F689025DD79D300C46030 /* Application */ = {
			isa = PBXGroup;
			children = (
				55E4CA1A25EECE1900206A7F /* DIContainer */,
				AB4F685D25DD79A500C46030 /* AppDelegate.swift */,
				AB4F685F25DD79A500C46030 /* SceneDelegate.swift */,
			);
			path = Application;
			sourceTree = "<group>";
		};
		AB4F689225DD79E800C46030 /* Domain */ = {
			isa = PBXGroup;
			children = (
				AB4F689525DDACE500C46030 /* UseCases */,
				AB4F689425DDACDA00C46030 /* Entities */,
				AB4F689625DDACFE00C46030 /* Interfaces */,
			);
			path = Domain;
			sourceTree = "<group>";
		};
		AB4F689325DD79F600C46030 /* Presentation */ = {
			isa = PBXGroup;
			children = (
				55E4C9F425EE91F300206A7F /* CoctailsScene */,
				55E4C9F525EE97F500206A7F /* Utils */,
			);
			path = Presentation;
			sourceTree = "<group>";
		};
		AB4F689425DDACDA00C46030 /* Entities */ = {
			isa = PBXGroup;
			children = (
				AB4F689925DECECF00C46030 /* Coctail.swift */,
			);
			path = Entities;
			sourceTree = "<group>";
		};
		AB4F689525DDACE500C46030 /* UseCases */ = {
			isa = PBXGroup;
			children = (
				AB4F689E25DED6EB00C46030 /* SearchCoctailUseCase.swift */,
			);
			path = UseCases;
			sourceTree = "<group>";
		};
		AB4F689625DDACFE00C46030 /* Interfaces */ = {
			isa = PBXGroup;
			children = (
				55329A0B25DF357500B711B3 /* Repositories */,
			);
			path = Interfaces;
			sourceTree = "<group>";
		};
		AB4F689725DDAE8400C46030 /* Data */ = {
			isa = PBXGroup;
			children = (
				55E4C9DB25EE7AA500206A7F /* Utils */,
				55E4C95525E40A9E00206A7F /* Repository */,
				55E4C95E25E40C1A00206A7F /* Network */,
				55E4C99525E858E600206A7F /* Infraestructure */,
			);
			path = Data;
			sourceTree = "<group>";
		};
		AB4F689825DDB74700C46030 /* Resources */ = {
			isa = PBXGroup;
			children = (
				AB4F686B25DD79A800C46030 /* Info.plist */,
				AB4F686625DD79A800C46030 /* Assets.xcassets */,
			);
			path = Resources;
			sourceTree = "<group>";
		};
/* End PBXGroup section */

/* Begin PBXNativeTarget section */
		AB4F685925DD79A500C46030 /* CleanMVVMExample */ = {
			isa = PBXNativeTarget;
			buildConfigurationList = AB4F688425DD79A900C46030 /* Build configuration list for PBXNativeTarget "CleanMVVMExample" */;
			buildPhases = (
				AB4F685625DD79A500C46030 /* Sources */,
				AB4F685725DD79A500C46030 /* Frameworks */,
				AB4F685825DD79A500C46030 /* Resources */,
			);
			buildRules = (
			);
			dependencies = (
			);
			name = CleanMVVMExample;
			productName = CleanMVVMExample;
			productReference = AB4F685A25DD79A500C46030 /* CleanMVVMExample.app */;
			productType = "com.apple.product-type.application";
		};
		AB4F686F25DD79A900C46030 /* CleanMVVMExampleTests */ = {
			isa = PBXNativeTarget;
			buildConfigurationList = AB4F688725DD79A900C46030 /* Build configuration list for PBXNativeTarget "CleanMVVMExampleTests" */;
			buildPhases = (
				AB4F686C25DD79A900C46030 /* Sources */,
				AB4F686D25DD79A900C46030 /* Frameworks */,
				AB4F686E25DD79A900C46030 /* Resources */,
			);
			buildRules = (
			);
			dependencies = (
				AB4F687225DD79A900C46030 /* PBXTargetDependency */,
			);
			name = CleanMVVMExampleTests;
			productName = CleanMVVMExampleTests;
			productReference = AB4F687025DD79A900C46030 /* CleanMVVMExampleTests.xctest */;
			productType = "com.apple.product-type.bundle.unit-test";
		};
		AB4F687A25DD79A900C46030 /* CleanMVVMExampleUITests */ = {
			isa = PBXNativeTarget;
			buildConfigurationList = AB4F688A25DD79A900C46030 /* Build configuration list for PBXNativeTarget "CleanMVVMExampleUITests" */;
			buildPhases = (
				AB4F687725DD79A900C46030 /* Sources */,
				AB4F687825DD79A900C46030 /* Frameworks */,
				AB4F687925DD79A900C46030 /* Resources */,
			);
			buildRules = (
			);
			dependencies = (
				AB4F687D25DD79A900C46030 /* PBXTargetDependency */,
			);
			name = CleanMVVMExampleUITests;
			productName = CleanMVVMExampleUITests;
			productReference = AB4F687B25DD79A900C46030 /* CleanMVVMExampleUITests.xctest */;
			productType = "com.apple.product-type.bundle.ui-testing";
		};
/* End PBXNativeTarget section */

/* Begin PBXProject section */
		AB4F685225DD79A500C46030 /* Project object */ = {
			isa = PBXProject;
			attributes = {
				LastSwiftUpdateCheck = 1230;
				LastUpgradeCheck = 1230;
				TargetAttributes = {
					AB4F685925DD79A500C46030 = {
						CreatedOnToolsVersion = 12.3;
					};
					AB4F686F25DD79A900C46030 = {
						CreatedOnToolsVersion = 12.3;
						TestTargetID = AB4F685925DD79A500C46030;
					};
					AB4F687A25DD79A900C46030 = {
						CreatedOnToolsVersion = 12.3;
						TestTargetID = AB4F685925DD79A500C46030;
					};
				};
			};
			buildConfigurationList = AB4F685525DD79A500C46030 /* Build configuration list for PBXProject "CleanMVVMExample" */;
			compatibilityVersion = "Xcode 9.3";
			developmentRegion = en;
			hasScannedForEncodings = 0;
			knownRegions = (
				en,
				Base,
			);
			mainGroup = AB4F685125DD79A500C46030;
			productRefGroup = AB4F685B25DD79A500C46030 /* Products */;
			projectDirPath = "";
			projectRoot = "";
			targets = (
				AB4F685925DD79A500C46030 /* CleanMVVMExample */,
				AB4F686F25DD79A900C46030 /* CleanMVVMExampleTests */,
				AB4F687A25DD79A900C46030 /* CleanMVVMExampleUITests */,
			);
		};
/* End PBXProject section */

/* Begin PBXResourcesBuildPhase section */
		AB4F685825DD79A500C46030 /* Resources */ = {
			isa = PBXResourcesBuildPhase;
			buildActionMask = 2147483647;
			files = (
				550B571725F2CAE30024AF76 /* CoctailListViewController.xib in Resources */,
				55CEEE4826126BD900134A40 /* LoadingView.xib in Resources */,
				55BD67B725FFFA4700E55754 /* CoctailListTableView.xib in Resources */,
				556E3FC42603A9E6007413D7 /* CoctailDetailsViewController.xib in Resources */,
				AB4F686A25DD79A800C46030 /* LaunchScreen.storyboard in Resources */,
				55BD67CF2600076800E55754 /* CoctailListTableViewCell.xib in Resources */,
				AB4F686725DD79A800C46030 /* Assets.xcassets in Resources */,
				AB4F686525DD79A500C46030 /* Main.storyboard in Resources */,
			);
			runOnlyForDeploymentPostprocessing = 0;
		};
		AB4F686E25DD79A900C46030 /* Resources */ = {
			isa = PBXResourcesBuildPhase;
			buildActionMask = 2147483647;
			files = (
			);
			runOnlyForDeploymentPostprocessing = 0;
		};
		AB4F687925DD79A900C46030 /* Resources */ = {
			isa = PBXResourcesBuildPhase;
			buildActionMask = 2147483647;
			files = (
			);
			runOnlyForDeploymentPostprocessing = 0;
		};
/* End PBXResourcesBuildPhase section */

/* Begin PBXSourcesBuildPhase section */
		AB4F685625DD79A500C46030 /* Sources */ = {
			isa = PBXSourcesBuildPhase;
			buildActionMask = 2147483647;
			files = (
				55E4CA0325EE983800206A7F /* Observable.swift in Sources */,
				55E4C95725E40AD900206A7F /* DefaultCoctailRepository.swift in Sources */,
				55CEEE4D26127E2A00134A40 /* LoadingViewLoader.swift in Sources */,
				AB4F686225DD79A500C46030 /* ViewController.swift in Sources */,
				556E3FCC2603A9F5007413D7 /* CoctailDetailsViewController.swift in Sources */,
				55BD67BC25FFFCA500E55754 /* UIView+Constraints.swift in Sources */,
				550B572825F6BF110024AF76 /* CoctailListItemViewModel.swift in Sources */,
				55329A0D25DF37D000B711B3 /* CoctailsRepository.swift in Sources */,
				55E4CA1225EE9FF200206A7F /* CoctailListViewController.swift in Sources */,
				55E4C96325E4157A00206A7F /* APIEndpoints.swift in Sources */,
				55E4CA2D25F00F4600206A7F /* CoctailFlowCoordinator.swift in Sources */,
				55E4CA2525EEE14500206A7F /* CoctailsSceneDIContainer.swift in Sources */,
				55E4C9E525EE836900206A7F /* Array+Utils.swift in Sources */,
				AB4F685E25DD79A500C46030 /* AppDelegate.swift in Sources */,
				556E3FD42603AC70007413D7 /* CoctailDetailsViewModel.swift in Sources */,
				55BD67AD25FFF88900E55754 /* UIView+NibLoadableView.swift in Sources */,
				550B56D925F144370024AF76 /* AppFlowCoordinator.swift in Sources */,
				55E4CA1C25EED42E00206A7F /* AppDIContainer.swift in Sources */,
				AB4F686025DD79A500C46030 /* SceneDelegate.swift in Sources */,
				55E4C97625E4314300206A7F /* ServiceConfigurable.swift in Sources */,
				55E4C96E25E416B600206A7F /* APIUtils.swift in Sources */,
				AB4F689F25DED6EB00C46030 /* SearchCoctailUseCase.swift in Sources */,
				55BD67CA2600073500E55754 /* CoctailListTableViewCell.swift in Sources */,
				AB4F689A25DECED000C46030 /* Coctail.swift in Sources */,
				55E4C98B25E5969500206A7F /* NetworkService.swift in Sources */,
				550B570725F2C60F0024AF76 /* CoctailListViewModel.swift in Sources */,
				55E4C99825E85A2D00206A7F /* DataTransfer.swift in Sources */,
				55BD67C2260003E900E55754 /* UITableView+Utils.swift in Sources */,
				55E4C9DD25EE7AB900206A7F /* String+Utils.swift in Sources */,
				55BD67B225FFFA2300E55754 /* CoctailListTableView.swift in Sources */,
				55CEEE3826123BC200134A40 /* LoadingView.swift in Sources */,
				55E4C97B25E440FF00206A7F /* CoctailResponseDTO.swift in Sources */,
			);
			runOnlyForDeploymentPostprocessing = 0;
		};
		AB4F686C25DD79A900C46030 /* Sources */ = {
			isa = PBXSourcesBuildPhase;
			buildActionMask = 2147483647;
			files = (
				55E4CA1D25EED42E00206A7F /* AppDIContainer.swift in Sources */,
				55E4C9B025ED76A300206A7F /* TestDefaulCoctailRepository.swift in Sources */,
				55E4C9C425ED89DE00206A7F /* APIEndpoints.swift in Sources */,
				55E4C9B825ED860400206A7F /* CoctailsRepository.swift in Sources */,
				55E4CA1325EE9FF200206A7F /* CoctailListViewController.swift in Sources */,
				55E4C9D425ED91F300206A7F /* Coctail.swift in Sources */,
				55E4C9F025EE870900206A7F /* Array+Utils.swift in Sources */,
				55E4C9BC25ED867900206A7F /* DataTransfer.swift in Sources */,
				55E4C9C825ED91C300206A7F /* APIUtils.swift in Sources */,
				AB4F687525DD79A900C46030 /* CleanMVVMExampleTests.swift in Sources */,
				55E4CA2E25F00F4600206A7F /* CoctailFlowCoordinator.swift in Sources */,
				55E4C9D025ED91E900206A7F /* ServiceConfigurable.swift in Sources */,
				55E4C9EC25EE870000206A7F /* String+Utils.swift in Sources */,
				55E4CA0425EE983800206A7F /* Observable.swift in Sources */,
				55E4C9C025ED87FC00206A7F /* NetworkService.swift in Sources */,
				55E4C9CC25ED91D900206A7F /* CoctailResponseDTO.swift in Sources */,
				55E4CA2625EEE14500206A7F /* CoctailsSceneDIContainer.swift in Sources */,
				55E4C9B425ED85EF00206A7F /* DefaultCoctailRepository.swift in Sources */,
			);
			runOnlyForDeploymentPostprocessing = 0;
		};
		AB4F687725DD79A900C46030 /* Sources */ = {
			isa = PBXSourcesBuildPhase;
			buildActionMask = 2147483647;
			files = (
				AB4F688025DD79A900C46030 /* CleanMVVMExampleUITests.swift in Sources */,
			);
			runOnlyForDeploymentPostprocessing = 0;
		};
/* End PBXSourcesBuildPhase section */

/* Begin PBXTargetDependency section */
		AB4F687225DD79A900C46030 /* PBXTargetDependency */ = {
			isa = PBXTargetDependency;
			target = AB4F685925DD79A500C46030 /* CleanMVVMExample */;
			targetProxy = AB4F687125DD79A900C46030 /* PBXContainerItemProxy */;
		};
		AB4F687D25DD79A900C46030 /* PBXTargetDependency */ = {
			isa = PBXTargetDependency;
			target = AB4F685925DD79A500C46030 /* CleanMVVMExample */;
			targetProxy = AB4F687C25DD79A900C46030 /* PBXContainerItemProxy */;
		};
/* End PBXTargetDependency section */

/* Begin PBXVariantGroup section */
		AB4F686325DD79A500C46030 /* Main.storyboard */ = {
			isa = PBXVariantGroup;
			children = (
				AB4F686425DD79A500C46030 /* Base */,
			);
			name = Main.storyboard;
			sourceTree = "<group>";
		};
		AB4F686825DD79A800C46030 /* LaunchScreen.storyboard */ = {
			isa = PBXVariantGroup;
			children = (
				AB4F686925DD79A800C46030 /* Base */,
			);
			name = LaunchScreen.storyboard;
			sourceTree = "<group>";
		};
/* End PBXVariantGroup section */

/* Begin XCBuildConfiguration section */
		AB4F688225DD79A900C46030 /* Debug */ = {
			isa = XCBuildConfiguration;
			buildSettings = {
				ALWAYS_SEARCH_USER_PATHS = NO;
				CLANG_ANALYZER_NONNULL = YES;
				CLANG_ANALYZER_NUMBER_OBJECT_CONVERSION = YES_AGGRESSIVE;
				CLANG_CXX_LANGUAGE_STANDARD = "gnu++14";
				CLANG_CXX_LIBRARY = "libc++";
				CLANG_ENABLE_MODULES = YES;
				CLANG_ENABLE_OBJC_ARC = YES;
				CLANG_ENABLE_OBJC_WEAK = YES;
				CLANG_WARN_BLOCK_CAPTURE_AUTORELEASING = YES;
				CLANG_WARN_BOOL_CONVERSION = YES;
				CLANG_WARN_COMMA = YES;
				CLANG_WARN_CONSTANT_CONVERSION = YES;
				CLANG_WARN_DEPRECATED_OBJC_IMPLEMENTATIONS = YES;
				CLANG_WARN_DIRECT_OBJC_ISA_USAGE = YES_ERROR;
				CLANG_WARN_DOCUMENTATION_COMMENTS = YES;
				CLANG_WARN_EMPTY_BODY = YES;
				CLANG_WARN_ENUM_CONVERSION = YES;
				CLANG_WARN_INFINITE_RECURSION = YES;
				CLANG_WARN_INT_CONVERSION = YES;
				CLANG_WARN_NON_LITERAL_NULL_CONVERSION = YES;
				CLANG_WARN_OBJC_IMPLICIT_RETAIN_SELF = YES;
				CLANG_WARN_OBJC_LITERAL_CONVERSION = YES;
				CLANG_WARN_OBJC_ROOT_CLASS = YES_ERROR;
				CLANG_WARN_QUOTED_INCLUDE_IN_FRAMEWORK_HEADER = YES;
				CLANG_WARN_RANGE_LOOP_ANALYSIS = YES;
				CLANG_WARN_STRICT_PROTOTYPES = YES;
				CLANG_WARN_SUSPICIOUS_MOVE = YES;
				CLANG_WARN_UNGUARDED_AVAILABILITY = YES_AGGRESSIVE;
				CLANG_WARN_UNREACHABLE_CODE = YES;
				CLANG_WARN__DUPLICATE_METHOD_MATCH = YES;
				COPY_PHASE_STRIP = NO;
				DEBUG_INFORMATION_FORMAT = dwarf;
				ENABLE_STRICT_OBJC_MSGSEND = YES;
				ENABLE_TESTABILITY = YES;
				GCC_C_LANGUAGE_STANDARD = gnu11;
				GCC_DYNAMIC_NO_PIC = NO;
				GCC_NO_COMMON_BLOCKS = YES;
				GCC_OPTIMIZATION_LEVEL = 0;
				GCC_PREPROCESSOR_DEFINITIONS = (
					"DEBUG=1",
					"$(inherited)",
				);
				GCC_WARN_64_TO_32_BIT_CONVERSION = YES;
				GCC_WARN_ABOUT_RETURN_TYPE = YES_ERROR;
				GCC_WARN_UNDECLARED_SELECTOR = YES;
				GCC_WARN_UNINITIALIZED_AUTOS = YES_AGGRESSIVE;
				GCC_WARN_UNUSED_FUNCTION = YES;
				GCC_WARN_UNUSED_VARIABLE = YES;
				IPHONEOS_DEPLOYMENT_TARGET = 14.3;
				MTL_ENABLE_DEBUG_INFO = INCLUDE_SOURCE;
				MTL_FAST_MATH = YES;
				ONLY_ACTIVE_ARCH = YES;
				SDKROOT = iphoneos;
				SWIFT_ACTIVE_COMPILATION_CONDITIONS = DEBUG;
				SWIFT_OPTIMIZATION_LEVEL = "-Onone";
			};
			name = Debug;
		};
		AB4F688325DD79A900C46030 /* Release */ = {
			isa = XCBuildConfiguration;
			buildSettings = {
				ALWAYS_SEARCH_USER_PATHS = NO;
				CLANG_ANALYZER_NONNULL = YES;
				CLANG_ANALYZER_NUMBER_OBJECT_CONVERSION = YES_AGGRESSIVE;
				CLANG_CXX_LANGUAGE_STANDARD = "gnu++14";
				CLANG_CXX_LIBRARY = "libc++";
				CLANG_ENABLE_MODULES = YES;
				CLANG_ENABLE_OBJC_ARC = YES;
				CLANG_ENABLE_OBJC_WEAK = YES;
				CLANG_WARN_BLOCK_CAPTURE_AUTORELEASING = YES;
				CLANG_WARN_BOOL_CONVERSION = YES;
				CLANG_WARN_COMMA = YES;
				CLANG_WARN_CONSTANT_CONVERSION = YES;
				CLANG_WARN_DEPRECATED_OBJC_IMPLEMENTATIONS = YES;
				CLANG_WARN_DIRECT_OBJC_ISA_USAGE = YES_ERROR;
				CLANG_WARN_DOCUMENTATION_COMMENTS = YES;
				CLANG_WARN_EMPTY_BODY = YES;
				CLANG_WARN_ENUM_CONVERSION = YES;
				CLANG_WARN_INFINITE_RECURSION = YES;
				CLANG_WARN_INT_CONVERSION = YES;
				CLANG_WARN_NON_LITERAL_NULL_CONVERSION = YES;
				CLANG_WARN_OBJC_IMPLICIT_RETAIN_SELF = YES;
				CLANG_WARN_OBJC_LITERAL_CONVERSION = YES;
				CLANG_WARN_OBJC_ROOT_CLASS = YES_ERROR;
				CLANG_WARN_QUOTED_INCLUDE_IN_FRAMEWORK_HEADER = YES;
				CLANG_WARN_RANGE_LOOP_ANALYSIS = YES;
				CLANG_WARN_STRICT_PROTOTYPES = YES;
				CLANG_WARN_SUSPICIOUS_MOVE = YES;
				CLANG_WARN_UNGUARDED_AVAILABILITY = YES_AGGRESSIVE;
				CLANG_WARN_UNREACHABLE_CODE = YES;
				CLANG_WARN__DUPLICATE_METHOD_MATCH = YES;
				COPY_PHASE_STRIP = NO;
				DEBUG_INFORMATION_FORMAT = "dwarf-with-dsym";
				ENABLE_NS_ASSERTIONS = NO;
				ENABLE_STRICT_OBJC_MSGSEND = YES;
				GCC_C_LANGUAGE_STANDARD = gnu11;
				GCC_NO_COMMON_BLOCKS = YES;
				GCC_WARN_64_TO_32_BIT_CONVERSION = YES;
				GCC_WARN_ABOUT_RETURN_TYPE = YES_ERROR;
				GCC_WARN_UNDECLARED_SELECTOR = YES;
				GCC_WARN_UNINITIALIZED_AUTOS = YES_AGGRESSIVE;
				GCC_WARN_UNUSED_FUNCTION = YES;
				GCC_WARN_UNUSED_VARIABLE = YES;
				IPHONEOS_DEPLOYMENT_TARGET = 14.3;
				MTL_ENABLE_DEBUG_INFO = NO;
				MTL_FAST_MATH = YES;
				SDKROOT = iphoneos;
				SWIFT_COMPILATION_MODE = wholemodule;
				SWIFT_OPTIMIZATION_LEVEL = "-O";
				VALIDATE_PRODUCT = YES;
			};
			name = Release;
		};
		AB4F688525DD79A900C46030 /* Debug */ = {
			isa = XCBuildConfiguration;
			buildSettings = {
				ASSETCATALOG_COMPILER_APPICON_NAME = AppIcon;
				ASSETCATALOG_COMPILER_GLOBAL_ACCENT_COLOR_NAME = AccentColor;
				CODE_SIGN_STYLE = Automatic;
				INFOPLIST_FILE = CleanMVVMExample/Resources/Info.plist;
				LD_RUNPATH_SEARCH_PATHS = (
					"$(inherited)",
					"@executable_path/Frameworks",
				);
				PRODUCT_BUNDLE_IDENTIFIER = com.sergio.CleanMVVMExample;
				PRODUCT_NAME = "$(TARGET_NAME)";
				SWIFT_VERSION = 5.0;
				TARGETED_DEVICE_FAMILY = "1,2";
			};
			name = Debug;
		};
		AB4F688625DD79A900C46030 /* Release */ = {
			isa = XCBuildConfiguration;
			buildSettings = {
				ASSETCATALOG_COMPILER_APPICON_NAME = AppIcon;
				ASSETCATALOG_COMPILER_GLOBAL_ACCENT_COLOR_NAME = AccentColor;
				CODE_SIGN_STYLE = Automatic;
				INFOPLIST_FILE = CleanMVVMExample/Resources/Info.plist;
				LD_RUNPATH_SEARCH_PATHS = (
					"$(inherited)",
					"@executable_path/Frameworks",
				);
				PRODUCT_BUNDLE_IDENTIFIER = com.sergio.CleanMVVMExample;
				PRODUCT_NAME = "$(TARGET_NAME)";
				SWIFT_VERSION = 5.0;
				TARGETED_DEVICE_FAMILY = "1,2";
			};
			name = Release;
		};
		AB4F688825DD79A900C46030 /* Debug */ = {
			isa = XCBuildConfiguration;
			buildSettings = {
				ALWAYS_EMBED_SWIFT_STANDARD_LIBRARIES = YES;
				BUNDLE_LOADER = "$(TEST_HOST)";
				CODE_SIGN_STYLE = Automatic;
				INFOPLIST_FILE = CleanMVVMExampleTests/Info.plist;
				IPHONEOS_DEPLOYMENT_TARGET = 14.3;
				LD_RUNPATH_SEARCH_PATHS = (
					"$(inherited)",
					"@executable_path/Frameworks",
					"@loader_path/Frameworks",
				);
				PRODUCT_BUNDLE_IDENTIFIER = com.sergio.CleanMVVMExampleTests;
				PRODUCT_NAME = "$(TARGET_NAME)";
				SWIFT_VERSION = 5.0;
				TARGETED_DEVICE_FAMILY = "1,2";
				TEST_HOST = "$(BUILT_PRODUCTS_DIR)/CleanMVVMExample.app/CleanMVVMExample";
			};
			name = Debug;
		};
		AB4F688925DD79A900C46030 /* Release */ = {
			isa = XCBuildConfiguration;
			buildSettings = {
				ALWAYS_EMBED_SWIFT_STANDARD_LIBRARIES = YES;
				BUNDLE_LOADER = "$(TEST_HOST)";
				CODE_SIGN_STYLE = Automatic;
				INFOPLIST_FILE = CleanMVVMExampleTests/Info.plist;
				IPHONEOS_DEPLOYMENT_TARGET = 14.3;
				LD_RUNPATH_SEARCH_PATHS = (
					"$(inherited)",
					"@executable_path/Frameworks",
					"@loader_path/Frameworks",
				);
				PRODUCT_BUNDLE_IDENTIFIER = com.sergio.CleanMVVMExampleTests;
				PRODUCT_NAME = "$(TARGET_NAME)";
				SWIFT_VERSION = 5.0;
				TARGETED_DEVICE_FAMILY = "1,2";
				TEST_HOST = "$(BUILT_PRODUCTS_DIR)/CleanMVVMExample.app/CleanMVVMExample";
			};
			name = Release;
		};
		AB4F688B25DD79A900C46030 /* Debug */ = {
			isa = XCBuildConfiguration;
			buildSettings = {
				ALWAYS_EMBED_SWIFT_STANDARD_LIBRARIES = YES;
				CODE_SIGN_STYLE = Automatic;
				INFOPLIST_FILE = CleanMVVMExampleUITests/Info.plist;
				LD_RUNPATH_SEARCH_PATHS = (
					"$(inherited)",
					"@executable_path/Frameworks",
					"@loader_path/Frameworks",
				);
				PRODUCT_BUNDLE_IDENTIFIER = com.sergio.CleanMVVMExampleUITests;
				PRODUCT_NAME = "$(TARGET_NAME)";
				SWIFT_VERSION = 5.0;
				TARGETED_DEVICE_FAMILY = "1,2";
				TEST_TARGET_NAME = CleanMVVMExample;
			};
			name = Debug;
		};
		AB4F688C25DD79A900C46030 /* Release */ = {
			isa = XCBuildConfiguration;
			buildSettings = {
				ALWAYS_EMBED_SWIFT_STANDARD_LIBRARIES = YES;
				CODE_SIGN_STYLE = Automatic;
				INFOPLIST_FILE = CleanMVVMExampleUITests/Info.plist;
				LD_RUNPATH_SEARCH_PATHS = (
					"$(inherited)",
					"@executable_path/Frameworks",
					"@loader_path/Frameworks",
				);
				PRODUCT_BUNDLE_IDENTIFIER = com.sergio.CleanMVVMExampleUITests;
				PRODUCT_NAME = "$(TARGET_NAME)";
				SWIFT_VERSION = 5.0;
				TARGETED_DEVICE_FAMILY = "1,2";
				TEST_TARGET_NAME = CleanMVVMExample;
			};
			name = Release;
		};
/* End XCBuildConfiguration section */

/* Begin XCConfigurationList section */
		AB4F685525DD79A500C46030 /* Build configuration list for PBXProject "CleanMVVMExample" */ = {
			isa = XCConfigurationList;
			buildConfigurations = (
				AB4F688225DD79A900C46030 /* Debug */,
				AB4F688325DD79A900C46030 /* Release */,
			);
			defaultConfigurationIsVisible = 0;
			defaultConfigurationName = Release;
		};
		AB4F688425DD79A900C46030 /* Build configuration list for PBXNativeTarget "CleanMVVMExample" */ = {
			isa = XCConfigurationList;
			buildConfigurations = (
				AB4F688525DD79A900C46030 /* Debug */,
				AB4F688625DD79A900C46030 /* Release */,
			);
			defaultConfigurationIsVisible = 0;
			defaultConfigurationName = Release;
		};
		AB4F688725DD79A900C46030 /* Build configuration list for PBXNativeTarget "CleanMVVMExampleTests" */ = {
			isa = XCConfigurationList;
			buildConfigurations = (
				AB4F688825DD79A900C46030 /* Debug */,
				AB4F688925DD79A900C46030 /* Release */,
			);
			defaultConfigurationIsVisible = 0;
			defaultConfigurationName = Release;
		};
		AB4F688A25DD79A900C46030 /* Build configuration list for PBXNativeTarget "CleanMVVMExampleUITests" */ = {
			isa = XCConfigurationList;
			buildConfigurations = (
				AB4F688B25DD79A900C46030 /* Debug */,
				AB4F688C25DD79A900C46030 /* Release */,
			);
			defaultConfigurationIsVisible = 0;
			defaultConfigurationName = Release;
		};
/* End XCConfigurationList section */
	};
	rootObject = AB4F685225DD79A500C46030 /* Project object */;
}
